# This file is automatically @generated by Cargo.
# It is not intended for manual editing.
version = 4

[[package]]
name = "bitmaps"
version = "2.1.0"
source = "registry+https://github.com/rust-lang/crates.io-index"
checksum = "031043d04099746d8db04daf1fa424b2bc8bd69d92b25962dcde24da39ab64a2"
dependencies = [
 "typenum",
]

[[package]]
name = "kani_poc"
version = "0.1.0"
dependencies = [
 "sample-00018-crate",
 "sample-00018-file",
 "sample-00018-function",
 "sample-10018-crate",
 "sample-10018-file",
 "sample-10018-function",
 "typenum",
]

[[package]]
name = "sample-00018-crate"
version = "0.1.0"
dependencies = [
 "bitmaps",
 "typenum",
]

[[package]]
name = "sample-00018-file"
version = "0.1.0"
dependencies = [
 "bitmaps",
 "typenum",
]

[[package]]
name = "sample-00018-function"
version = "0.1.0"
dependencies = [
 "typenum",
]

[[package]]
name = "sample-10018-crate"
version = "0.1.0"
dependencies = [
 "bitmaps",
 "typenum",
]

[[package]]
name = "sample-10018-file"
version = "0.1.0"
dependencies = [
 "bitmaps",
 "typenum",
]

[[package]]
name = "sample-10018-function"
version = "0.1.0"
dependencies = [
 "typenum",
]

[[package]]
name = "typenum"
version = "1.18.0"
source = "registry+https://github.com/rust-lang/crates.io-index"
checksum = "1dccffe3ce07af9386bfd29e80c0ab1a8205a2fc34e4bcd40364df902cfa8f3f"
